
Microsoft Visual Studio Solution File, Format Version 12.00
# Visual Studio Version 16
VisualStudioVersion = 16.0.28803.202
MinimumVisualStudioVersion = 10.0.40219.1
Project("{FAE04EC0-301F-11D3-BF4B-00C04F79EFBC}") = "Vahti.Mobile.Android", "Vahti.Mobile.Android\Vahti.Mobile.Android.csproj", "{91EC24AD-ED2D-40DD-AEF5-8069480020DF}"
EndProject
Project("{9A19103F-16F7-4668-BE54-9A1E7A4F7556}") = "Vahti.Mobile.Forms", "Vahti.Mobile.Forms\Vahti.Mobile.Forms.csproj", "{3ED07C76-F6A4-4163-B892-852510B44DA5}"
EndProject
Project("{9A19103F-16F7-4668-BE54-9A1E7A4F7556}") = "Vahti.Mobile.Tests", "Vahti.Mobile.Tests\Vahti.Mobile.Tests.csproj", "{037F72BD-B9DB-40B9-AAB2-95937C4A7DC3}"
EndProject
Project("{FAE04EC0-301F-11D3-BF4B-00C04F79EFBC}") = "Vahti.Mobile.iOS", "Vahti.Mobile.iOS\Vahti.Mobile.iOS.csproj", "{055448A6-DFB1-4303-8B08-ECCE0E4F6F62}"
EndProject
Global
	GlobalSection(SolutionConfigurationPlatforms) = preSolution
		Debug|Any CPU = Debug|Any CPU
		Debug|iPhone = Debug|iPhone
		Debug|iPhoneSimulator = Debug|iPhoneSimulator
		DebugMock|Any CPU = DebugMock|Any CPU
		DebugMock|iPhone = DebugMock|iPhone
		DebugMock|iPhoneSimulator = DebugMock|iPhoneSimulator
		Release|Any CPU = Release|Any CPU
		Release|iPhone = Release|iPhone
		Release|iPhoneSimulator = Release|iPhoneSimulator
	EndGlobalSection
	GlobalSection(ProjectConfigurationPlatforms) = postSolution
		{91EC24AD-ED2D-40DD-AEF5-8069480020DF}.Debug|Any CPU.ActiveCfg = Debug|Any CPU
		{91EC24AD-ED2D-40DD-AEF5-8069480020DF}.Debug|Any CPU.Build.0 = Debug|Any CPU
		{91EC24AD-ED2D-40DD-AEF5-8069480020DF}.Debug|Any CPU.Deploy.0 = Debug|Any CPU
		{91EC24AD-ED2D-40DD-AEF5-8069480020DF}.Debug|iPhone.ActiveCfg = Debug|Any CPU
		{91EC24AD-ED2D-40DD-AEF5-8069480020DF}.Debug|iPhone.Build.0 = Debug|Any CPU
		{91EC24AD-ED2D-40DD-AEF5-8069480020DF}.Debug|iPhone.Deploy.0 = Debug|Any CPU
		{91EC24AD-ED2D-40DD-AEF5-8069480020DF}.Debug|iPhoneSimulator.ActiveCfg = Debug|Any CPU
		{91EC24AD-ED2D-40DD-AEF5-8069480020DF}.Debug|iPhoneSimulator.Build.0 = Debug|Any CPU
		{91EC24AD-ED2D-40DD-AEF5-8069480020DF}.Debug|iPhoneSimulator.Deploy.0 = Debug|Any CPU
		{91EC24AD-ED2D-40DD-AEF5-8069480020DF}.DebugMock|Any CPU.ActiveCfg = DebugMock|Any CPU
		{91EC24AD-ED2D-40DD-AEF5-8069480020DF}.DebugMock|Any CPU.Build.0 = DebugMock|Any CPU
		{91EC24AD-ED2D-40DD-AEF5-8069480020DF}.DebugMock|Any CPU.Deploy.0 = DebugMock|Any CPU
		{91EC24AD-ED2D-40DD-AEF5-8069480020DF}.DebugMock|iPhone.ActiveCfg = DebugMock|Any CPU
		{91EC24AD-ED2D-40DD-AEF5-8069480020DF}.DebugMock|iPhone.Build.0 = DebugMock|Any CPU
		{91EC24AD-ED2D-40DD-AEF5-8069480020DF}.DebugMock|iPhone.Deploy.0 = DebugMock|Any CPU
		{91EC24AD-ED2D-40DD-AEF5-8069480020DF}.DebugMock|iPhoneSimulator.ActiveCfg = DebugMock|Any CPU
		{91EC24AD-ED2D-40DD-AEF5-8069480020DF}.DebugMock|iPhoneSimulator.Build.0 = DebugMock|Any CPU
		{91EC24AD-ED2D-40DD-AEF5-8069480020DF}.DebugMock|iPhoneSimulator.Deploy.0 = DebugMock|Any CPU
		{91EC24AD-ED2D-40DD-AEF5-8069480020DF}.Release|Any CPU.ActiveCfg = Release|Any CPU
		{91EC24AD-ED2D-40DD-AEF5-8069480020DF}.Release|Any CPU.Build.0 = Release|Any CPU
		{91EC24AD-ED2D-40DD-AEF5-8069480020DF}.Release|Any CPU.Deploy.0 = Release|Any CPU
		{91EC24AD-ED2D-40DD-AEF5-8069480020DF}.Release|iPhone.ActiveCfg = Release|Any CPU
		{91EC24AD-ED2D-40DD-AEF5-8069480020DF}.Release|iPhone.Build.0 = Release|Any CPU
		{91EC24AD-ED2D-40DD-AEF5-8069480020DF}.Release|iPhone.Deploy.0 = Release|Any CPU
		{91EC24AD-ED2D-40DD-AEF5-8069480020DF}.Release|iPhoneSimulator.ActiveCfg = Release|Any CPU
		{91EC24AD-ED2D-40DD-AEF5-8069480020DF}.Release|iPhoneSimulator.Build.0 = Release|Any CPU
		{91EC24AD-ED2D-40DD-AEF5-8069480020DF}.Release|iPhoneSimulator.Deploy.0 = Release|Any CPU
		{3ED07C76-F6A4-4163-B892-852510B44DA5}.Debug|Any CPU.ActiveCfg = Debug|Any CPU
		{3ED07C76-F6A4-4163-B892-852510B44DA5}.Debug|Any CPU.Build.0 = Debug|Any CPU
		{3ED07C76-F6A4-4163-B892-852510B44DA5}.Debug|Any CPU.Deploy.0 = Debug|Any CPU
		{3ED07C76-F6A4-4163-B892-852510B44DA5}.Debug|iPhone.ActiveCfg = Debug|Any CPU
		{3ED07C76-F6A4-4163-B892-852510B44DA5}.Debug|iPhone.Build.0 = Debug|Any CPU
		{3ED07C76-F6A4-4163-B892-852510B44DA5}.Debug|iPhoneSimulator.ActiveCfg = Debug|Any CPU
		{3ED07C76-F6A4-4163-B892-852510B44DA5}.Debug|iPhoneSimulator.Build.0 = Debug|Any CPU
		{3ED07C76-F6A4-4163-B892-852510B44DA5}.DebugMock|Any CPU.ActiveCfg = DebugMock|Any CPU
		{3ED07C76-F6A4-4163-B892-852510B44DA5}.DebugMock|Any CPU.Build.0 = DebugMock|Any CPU
		{3ED07C76-F6A4-4163-B892-852510B44DA5}.DebugMock|iPhone.ActiveCfg = DebugMock|Any CPU
		{3ED07C76-F6A4-4163-B892-852510B44DA5}.DebugMock|iPhone.Build.0 = DebugMock|Any CPU
		{3ED07C76-F6A4-4163-B892-852510B44DA5}.DebugMock|iPhoneSimulator.ActiveCfg = DebugMock|Any CPU
		{3ED07C76-F6A4-4163-B892-852510B44DA5}.DebugMock|iPhoneSimulator.Build.0 = DebugMock|Any CPU
		{3ED07C76-F6A4-4163-B892-852510B44DA5}.Release|Any CPU.ActiveCfg = Release|Any CPU
		{3ED07C76-F6A4-4163-B892-852510B44DA5}.Release|Any CPU.Build.0 = Release|Any CPU
		{3ED07C76-F6A4-4163-B892-852510B44DA5}.Release|Any CPU.Deploy.0 = Release|Any CPU
		{3ED07C76-F6A4-4163-B892-852510B44DA5}.Release|iPhone.ActiveCfg = Release|Any CPU
		{3ED07C76-F6A4-4163-B892-852510B44DA5}.Release|iPhone.Build.0 = Release|Any CPU
		{3ED07C76-F6A4-4163-B892-852510B44DA5}.Release|iPhoneSimulator.ActiveCfg = Release|Any CPU
		{3ED07C76-F6A4-4163-B892-852510B44DA5}.Release|iPhoneSimulator.Build.0 = Release|Any CPU
		{037F72BD-B9DB-40B9-AAB2-95937C4A7DC3}.Debug|Any CPU.ActiveCfg = Debug|Any CPU
		{037F72BD-B9DB-40B9-AAB2-95937C4A7DC3}.Debug|Any CPU.Build.0 = Debug|Any CPU
		{037F72BD-B9DB-40B9-AAB2-95937C4A7DC3}.Debug|iPhone.ActiveCfg = Debug|Any CPU
		{037F72BD-B9DB-40B9-AAB2-95937C4A7DC3}.Debug|iPhone.Build.0 = Debug|Any CPU
		{037F72BD-B9DB-40B9-AAB2-95937C4A7DC3}.Debug|iPhoneSimulator.ActiveCfg = Debug|Any CPU
		{037F72BD-B9DB-40B9-AAB2-95937C4A7DC3}.Debug|iPhoneSimulator.Build.0 = Debug|Any CPU
		{037F72BD-B9DB-40B9-AAB2-95937C4A7DC3}.DebugMock|Any CPU.ActiveCfg = DebugMock|Any CPU
		{037F72BD-B9DB-40B9-AAB2-95937C4A7DC3}.DebugMock|Any CPU.Build.0 = DebugMock|Any CPU
		{037F72BD-B9DB-40B9-AAB2-95937C4A7DC3}.DebugMock|iPhone.ActiveCfg = DebugMock|Any CPU
		{037F72BD-B9DB-40B9-AAB2-95937C4A7DC3}.DebugMock|iPhone.Build.0 = DebugMock|Any CPU
		{037F72BD-B9DB-40B9-AAB2-95937C4A7DC3}.DebugMock|iPhoneSimulator.ActiveCfg = DebugMock|Any CPU
		{037F72BD-B9DB-40B9-AAB2-95937C4A7DC3}.DebugMock|iPhoneSimulator.Build.0 = DebugMock|Any CPU
		{037F72BD-B9DB-40B9-AAB2-95937C4A7DC3}.Release|Any CPU.ActiveCfg = Release|Any CPU
		{037F72BD-B9DB-40B9-AAB2-95937C4A7DC3}.Release|Any CPU.Build.0 = Release|Any CPU
		{037F72BD-B9DB-40B9-AAB2-95937C4A7DC3}.Release|iPhone.ActiveCfg = Release|Any CPU
		{037F72BD-B9DB-40B9-AAB2-95937C4A7DC3}.Release|iPhone.Build.0 = Release|Any CPU
		{037F72BD-B9DB-40B9-AAB2-95937C4A7DC3}.Release|iPhoneSimulator.ActiveCfg = Release|Any CPU
		{037F72BD-B9DB-40B9-AAB2-95937C4A7DC3}.Release|iPhoneSimulator.Build.0 = Release|Any CPU
		{055448A6-DFB1-4303-8B08-ECCE0E4F6F62}.Debug|Any CPU.ActiveCfg = Debug|iPhone
		{055448A6-DFB1-4303-8B08-ECCE0E4F6F62}.Debug|Any CPU.Build.0 = Debug|iPhone
		{055448A6-DFB1-4303-8B08-ECCE0E4F6F62}.Debug|iPhone.ActiveCfg = Debug|iPhone
		{055448A6-DFB1-4303-8B08-ECCE0E4F6F62}.Debug|iPhone.Build.0 = Debug|iPhone
		{055448A6-DFB1-4303-8B08-ECCE0E4F6F62}.Debug|iPhoneSimulator.ActiveCfg = Debug|iPhoneSimulator
		{055448A6-DFB1-4303-8B08-ECCE0E4F6F62}.Debug|iPhoneSimulator.Build.0 = Debug|iPhoneSimulator
		{055448A6-DFB1-4303-8B08-ECCE0E4F6F62}.DebugMock|Any CPU.ActiveCfg = DebugMock|iPhone
		{055448A6-DFB1-4303-8B08-ECCE0E4F6F62}.DebugMock|iPhone.ActiveCfg = DebugMock|iPhone
		{055448A6-DFB1-4303-8B08-ECCE0E4F6F62}.DebugMock|iPhone.Build.0 = DebugMock|iPhone
		{055448A6-DFB1-4303-8B08-ECCE0E4F6F62}.DebugMock|iPhoneSimulator.ActiveCfg = DebugMock|iPhoneSimulator
		{055448A6-DFB1-4303-8B08-ECCE0E4F6F62}.DebugMock|iPhoneSimulator.Build.0 = DebugMock|iPhoneSimulator
		{055448A6-DFB1-4303-8B08-ECCE0E4F6F62}.Release|Any CPU.ActiveCfg = Release|iPhone
		{055448A6-DFB1-4303-8B08-ECCE0E4F6F62}.Release|iPhone.ActiveCfg = Release|iPhone
		{055448A6-DFB1-4303-8B08-ECCE0E4F6F62}.Release|iPhone.Build.0 = Release|iPhone
		{055448A6-DFB1-4303-8B08-ECCE0E4F6F62}.Release|iPhoneSimulator.ActiveCfg = Release|iPhoneSimulator
		{055448A6-DFB1-4303-8B08-ECCE0E4F6F62}.Release|iPhoneSimulator.Build.0 = Release|iPhoneSimulator
	EndGlobalSection
	GlobalSection(SolutionProperties) = preSolution
		HideSolutionNode = FALSE
	EndGlobalSection
	GlobalSection(ExtensibilityGlobals) = postSolution
		SolutionGuid = {E4CE38B1-067A-48F9-AC61-C67C7571CA1C}
	EndGlobalSection
EndGlobal
